<?xml version="1.0" encoding="utf-8"?>
<Project ToolsVersion="4.0" xmlns="http://schemas.microsoft.com/developer/msbuild/2003">
  <ItemGroup>
    <Filter Include="Source Files">
      <UniqueIdentifier>{4FC737F1-C7A5-4376-A066-2A32D752A2FF}</UniqueIdentifier>
      <Extensions>cpp;c;cc;cxx;c++;cppm;ixx;def;odl;idl;hpj;bat;asm;asmx</Extensions>
    </Filter>
    <Filter Include="Header Files">
      <UniqueIdentifier>{93995380-89BD-4b04-88EB-625FBE52EBFB}</UniqueIdentifier>
      <Extensions>h;hh;hpp;hxx;h++;hm;inl;inc;ipp;xsd</Extensions>
    </Filter>
    <Filter Include="Resource Files">
      <UniqueIdentifier>{67DA6AB6-F800-4c08-8B7A-83BB121AAD01}</UniqueIdentifier>
      <Extensions>rc;ico;cur;bmp;dlg;rc2;rct;bin;rgs;gif;jpg;jpeg;jpe;resx;tiff;tif;png;wav;mfcribbon-ms</Extensions>
    </Filter>
    <Filter Include="src">
      <UniqueIdentifier>{4cbc474a-33d6-42fd-953d-bd9258442953}</UniqueIdentifier>
    </Filter>
    <Filter Include="root">
      <UniqueIdentifier>{fe48a408-ee9c-4937-9f8b-8bf2e630aea0}</UniqueIdentifier>
    </Filter>
  </ItemGroup>
  <ItemGroup>
    <ClCompile Include="main.cpp">
      <Filter>Source Files</Filter>
    </ClCompile>
    <ClCompile Include="src\CommandManager.cpp">
      <Filter>src</Filter>
    </ClCompile>
    <ClCompile Include="src\Folder.cpp">
      <Filter>src</Filter>
    </ClCompile>
    <ClCompile Include="src\Node.cpp">
      <Filter>src</Filter>
    </ClCompile>
    <ClCompile Include="src\File.cpp">
      <Filter>src</Filter>
    </ClCompile>
    <ClCompile Include="src\ZipFile.cpp">
      <Filter>src</Filter>
    </ClCompile>
    <ClCompile Include="src\AudioFile.cpp">
      <Filter>src</Filter>
    </ClCompile>
    <ClCompile Include="src\PrivateFile.cpp">
      <Filter>src</Filter>
    </ClCompile>
    <ClCompile Include="src\TxtFile.cpp">
      <Filter>src</Filter>
    </ClCompile>
  </ItemGroup>
  <ItemGroup>
    <ClInclude Include="src\CommandManager.h">
      <Filter>src</Filter>
    </ClInclude>
    <ClInclude Include="src\Folder.h">
      <Filter>src</Filter>
    </ClInclude>
    <ClInclude Include="src\Node.h">
      <Filter>src</Filter>
    </ClInclude>
    <ClInclude Include="src\File.h">
      <Filter>src</Filter>
    </ClInclude>
    <ClInclude Include="src\AudioFile.h">
      <Filter>src</Filter>
    </ClInclude>
    <ClInclude Include="src\PrivateFile.h">
      <Filter>src</Filter>
    </ClInclude>
    <ClInclude Include="src\TxtFile.h">
      <Filter>src</Filter>
    </ClInclude>
    <ClInclude Include="src\ZipFile.h">
      <Filter>src</Filter>
    </ClInclude>
  </ItemGroup>
  <ItemGroup>
    <Text Include="root\temp.txt">
      <Filter>root</Filter>
    </Text>
  </ItemGroup>
</Project>